
Microsoft Visual Studio Solution File, Format Version 12.00
# Visual Studio Version 17
VisualStudioVersion = 17.13.35818.85 d17.13
MinimumVisualStudioVersion = 10.0.40219.1
Project("{FAE04EC0-301F-11D3-BF4B-00C04F79EFBC}") = "Web.Mvc", "Web.Mvc\Web.Mvc.csproj", "{30F27D20-A481-4B03-B515-34393BB5C3E4}"
EndProject
Project("{FAE04EC0-301F-11D3-BF4B-00C04F79EFBC}") = "Web.Core", "Web.Core\Web.Core.csproj", "{1399B16A-BD99-4777-AB80-B5EEA473DCE4}"
EndProject
Global
	GlobalSection(SolutionConfigurationPlatforms) = preSolution
		Debug|Any CPU = Debug|Any CPU
		Release|Any CPU = Release|Any CPU
	EndGlobalSection
	GlobalSection(ProjectConfigurationPlatforms) = postSolution
		{30F27D20-A481-4B03-B515-34393BB5C3E4}.Debug|Any CPU.ActiveCfg = Debug|Any CPU
		{30F27D20-A481-4B03-B515-34393BB5C3E4}.Debug|Any CPU.Build.0 = Debug|Any CPU
		{30F27D20-A481-4B03-B515-34393BB5C3E4}.Release|Any CPU.ActiveCfg = Release|Any CPU
		{30F27D20-A481-4B03-B515-34393BB5C3E4}.Release|Any CPU.Build.0 = Release|Any CPU
		{1399B16A-BD99-4777-AB80-B5EEA473DCE4}.Debug|Any CPU.ActiveCfg = Debug|Any CPU
		{1399B16A-BD99-4777-AB80-B5EEA473DCE4}.Debug|Any CPU.Build.0 = Debug|Any CPU
		{1399B16A-BD99-4777-AB80-B5EEA473DCE4}.Release|Any CPU.ActiveCfg = Release|Any CPU
		{1399B16A-BD99-4777-AB80-B5EEA473DCE4}.Release|Any CPU.Build.0 = Release|Any CPU
	EndGlobalSection
	GlobalSection(SolutionProperties) = preSolution
		HideSolutionNode = FALSE
	EndGlobalSection
	GlobalSection(ExtensibilityGlobals) = postSolution
		SolutionGuid = {0FE1E801-CEA3-42DE-8F6B-519782C2EF00}
	EndGlobalSection
EndGlobal
